<?xml version="1.0" encoding="utf-8"?>
<Project ToolsVersion="4.0" xmlns="http://schemas.microsoft.com/developer/msbuild/2003">
  <ItemGroup>
    <Filter Include="Source Files">
      <UniqueIdentifier>{4FC737F1-C7A5-4376-A066-2A32D752A2FF}</UniqueIdentifier>
      <Extensions>cpp;c;cc;cxx;c++;cppm;ixx;def;odl;idl;hpj;bat;asm;asmx</Extensions>
    </Filter>
    <Filter Include="Header Files">
      <UniqueIdentifier>{93995380-89BD-4b04-88EB-625FBE52EBFB}</UniqueIdentifier>
      <Extensions>h;hh;hpp;hxx;h++;hm;inl;inc;ipp;xsd</Extensions>
    </Filter>
    <Filter Include="Resource Files">
      <UniqueIdentifier>{67DA6AB6-F800-4c08-8B7A-83BB121AAD01}</UniqueIdentifier>
      <Extensions>rc;ico;cur;bmp;dlg;rc2;rct;bin;rgs;gif;jpg;jpeg;jpe;resx;tiff;tif;png;wav;mfcribbon-ms</Extensions>
    </Filter>
    <Filter Include="Header Files\GUI">
      <UniqueIdentifier>{0f2f3e63-f12a-404c-b2fc-19b3d8e145d4}</UniqueIdentifier>
    </Filter>
    <Filter Include="Header Files\PCBClassHeaders">
      <UniqueIdentifier>{22b2b405-27a9-454f-85bf-ffb55424c023}</UniqueIdentifier>
    </Filter>
    <Filter Include="Source Files\PCBClassSource">
      <UniqueIdentifier>{46a1d373-d1fb-4a94-bf89-a708aabcb9eb}</UniqueIdentifier>
    </Filter>
    <Filter Include="Source Files\GUISource">
      <UniqueIdentifier>{04ae4112-ff72-401c-b443-05bc8b64bd3f}</UniqueIdentifier>
    </Filter>
    <Filter Include="Header Files\ComPortHeaders">
      <UniqueIdentifier>{7b750514-39e3-4571-9ee4-88934da5f209}</UniqueIdentifier>
    </Filter>
    <Filter Include="Source Files\ComPortSource">
      <UniqueIdentifier>{f6f1e2fa-08a7-461e-aad8-5634122eec10}</UniqueIdentifier>
    </Filter>
    <Filter Include="Source Files\MatrixSolverSource">
      <UniqueIdentifier>{1576146c-b3fe-4eda-8193-7d68cd6d2d23}</UniqueIdentifier>
    </Filter>
    <Filter Include="Header Files\MatrixSolver">
      <UniqueIdentifier>{e3410ed5-1e19-4683-a9e5-f5469b8f89da}</UniqueIdentifier>
    </Filter>
    <Filter Include="Source Files\SimulationHandlerSource">
      <UniqueIdentifier>{700bfdb3-823d-4b17-8677-f02445255917}</UniqueIdentifier>
    </Filter>
    <Filter Include="Header Files\SimulationHandler">
      <UniqueIdentifier>{902c568e-e9e9-478a-a0c0-9f7fd8f6a8cd}</UniqueIdentifier>
    </Filter>
    <Filter Include="Header Files\SettingsHandler">
      <UniqueIdentifier>{eb8caac3-549e-4bdf-993a-afb2da59e475}</UniqueIdentifier>
    </Filter>
    <Filter Include="Source Files\SettingsHandlerSource">
      <UniqueIdentifier>{5835e2cd-212c-4ee9-a7ea-4c8a62bb67cf}</UniqueIdentifier>
    </Filter>
  </ItemGroup>
  <ItemGroup>
    <ClCompile Include="main.cpp">
      <Filter>Source Files</Filter>
    </ClCompile>
    <ClCompile Include="Layer.cpp">
      <Filter>Source Files\PCBClassSource</Filter>
    </ClCompile>
    <ClCompile Include="LayerPolygons.cpp">
      <Filter>Source Files\PCBClassSource</Filter>
    </ClCompile>
    <ClCompile Include="PCB.cpp">
      <Filter>Source Files\PCBClassSource</Filter>
    </ClCompile>
    <ClCompile Include="PCBHandler.cpp">
      <Filter>Source Files\PCBClassSource</Filter>
    </ClCompile>
    <ClCompile Include="LayerSegment.cpp">
      <Filter>Source Files\PCBClassSource</Filter>
    </ClCompile>
    <ClCompile Include="XYCoord.cpp">
      <Filter>Source Files\PCBClassSource</Filter>
    </ClCompile>
    <ClCompile Include="Gui.cpp">
      <Filter>Source Files\GUISource</Filter>
    </ClCompile>
    <ClCompile Include="ComPortSource.cpp">
      <Filter>Source Files\ComPortSource</Filter>
    </ClCompile>
    <ClCompile Include="SettingsHandlerSource.cpp">
      <Filter>Source Files\SettingsHandlerSource</Filter>
    </ClCompile>
    <ClCompile Include="Settings.cpp">
      <Filter>Source Files\SettingsHandlerSource</Filter>
    </ClCompile>
    <ClCompile Include="Drawing.cpp">
      <Filter>Source Files\GUISource</Filter>
    </ClCompile>
    <ClCompile Include="matrix.c">
      <Filter>Source Files\MatrixSolverSource</Filter>
    </ClCompile>
    <ClCompile Include="matrixio.c">
      <Filter>Source Files\MatrixSolverSource</Filter>
    </ClCompile>
    <ClCompile Include="msgmres.c">
      <Filter>Source Files\MatrixSolverSource</Filter>
    </ClCompile>
    <ClCompile Include="msolve.c">
      <Filter>Source Files\MatrixSolverSource</Filter>
    </ClCompile>
    <ClCompile Include="standAloneSolve.c">
      <Filter>Source Files\MatrixSolverSource</Filter>
    </ClCompile>
    <ClCompile Include="vtypes.c">
      <Filter>Source Files\MatrixSolverSource</Filter>
    </ClCompile>
    <ClCompile Include="SimulationHandler.cpp">
      <Filter>Source Files\SimulationHandlerSource</Filter>
    </ClCompile>
  </ItemGroup>
  <ItemGroup>
    <ClInclude Include="Headers\Layer.h">
      <Filter>Header Files\PCBClassHeaders</Filter>
    </ClInclude>
    <ClInclude Include="Headers\LayerPolygons.h">
      <Filter>Header Files\PCBClassHeaders</Filter>
    </ClInclude>
    <ClInclude Include="Headers\PCB.h">
      <Filter>Header Files\PCBClassHeaders</Filter>
    </ClInclude>
    <ClInclude Include="Headers\PCBHandler.h">
      <Filter>Header Files\PCBClassHeaders</Filter>
    </ClInclude>
    <ClInclude Include="Headers\LayerSegment.h">
      <Filter>Header Files\PCBClassHeaders</Filter>
    </ClInclude>
    <ClInclude Include="Headers\XYCoord.h">
      <Filter>Header Files\PCBClassHeaders</Filter>
    </ClInclude>
    <ClInclude Include="Headers\GUI.h">
      <Filter>Header Files\GUI</Filter>
    </ClInclude>
    <ClInclude Include="Headers\ComPortHandler.h">
      <Filter>Header Files\ComPortHeaders</Filter>
    </ClInclude>
    <ClInclude Include="Headers\SettingsHandler.h">
      <Filter>Header Files\SettingsHandler</Filter>
    </ClInclude>
    <ClInclude Include="Headers\Settings.h">
      <Filter>Header Files\SettingsHandler</Filter>
    </ClInclude>
    <ClInclude Include="Headers\Drawing.h">
      <Filter>Header Files\GUI</Filter>
    </ClInclude>
    <ClInclude Include="Headers\math\vtypes.h">
      <Filter>Header Files\MatrixSolver</Filter>
    </ClInclude>
    <ClInclude Include="Headers\standAloneSolve.h">
      <Filter>Header Files\MatrixSolver</Filter>
    </ClInclude>
    <ClInclude Include="Headers\matrix.h">
      <Filter>Header Files\MatrixSolver</Filter>
    </ClInclude>
    <ClInclude Include="Headers\msolve.h">
      <Filter>Header Files\MatrixSolver</Filter>
    </ClInclude>
    <ClInclude Include="Headers\solverdata.h">
      <Filter>Header Files\MatrixSolver</Filter>
    </ClInclude>
    <ClInclude Include="Headers\msgmres.h">
      <Filter>Header Files\MatrixSolver</Filter>
    </ClInclude>
    <ClInclude Include="Headers\SimulationHandler.h">
      <Filter>Header Files\SimulationHandler</Filter>
    </ClInclude>
  </ItemGroup>
</Project>